// !$*UTF8*$!
{
	archiveVersion = 1;
	classes = {
	};
	objectVersion = 50;
	objects = {

/* Begin PBXBuildFile section */
		C00CC73626BB9910005D4486 /* QuotesViewController.swift in Sources */ = {isa = PBXBuildFile; fileRef = C00CC73526BB9910005D4486 /* QuotesViewController.swift */; };
		C00CC73826BB9964005D4486 /* SettingsViewController.swift in Sources */ = {isa = PBXBuildFile; fileRef = C00CC73726BB9964005D4486 /* SettingsViewController.swift */; };
		C00CC73D26BBA114005D4486 /* QuoteModel.swift in Sources */ = {isa = PBXBuildFile; fileRef = C00CC73C26BBA114005D4486 /* QuoteModel.swift */; };
		C00CC73F26BBA217005D4486 /* QuotesManager.swift in Sources */ = {isa = PBXBuildFile; fileRef = C00CC73E26BBA217005D4486 /* QuotesManager.swift */; };
		C00CC74126BBA252005D4486 /* Configuration.swift in Sources */ = {isa = PBXBuildFile; fileRef = C00CC74026BBA252005D4486 /* Configuration.swift */; };
		C07E869726BC35D200A7115D /* Savoye LET.ttc in Resources */ = {isa = PBXBuildFile; fileRef = C0FD7D9026BA27E300710DA7 /* Savoye LET.ttc */; };
		C0BCCE0626BD6D97003F0147 /* Settings.bundle in Resources */ = {isa = PBXBuildFile; fileRef = C0BCCE0526BD6D97003F0147 /* Settings.bundle */; };
		C0FD7D7D26BA271F00710DA7 /* AppDelegate.swift in Sources */ = {isa = PBXBuildFile; fileRef = C0FD7D7C26BA271F00710DA7 /* AppDelegate.swift */; };
		C0FD7D7F26BA271F00710DA7 /* SceneDelegate.swift in Sources */ = {isa = PBXBuildFile; fileRef = C0FD7D7E26BA271F00710DA7 /* SceneDelegate.swift */; };
		C0FD7D8426BA271F00710DA7 /* Main.storyboard in Resources */ = {isa = PBXBuildFile; fileRef = C0FD7D8226BA271F00710DA7 /* Main.storyboard */; };
		C0FD7D8626BA272200710DA7 /* Assets.xcassets in Resources */ = {isa = PBXBuildFile; fileRef = C0FD7D8526BA272200710DA7 /* Assets.xcassets */; };
		C0FD7D8926BA272200710DA7 /* LaunchScreen.storyboard in Resources */ = {isa = PBXBuildFile; fileRef = C0FD7D8726BA272200710DA7 /* LaunchScreen.storyboard */; };
		C0FD7D9226BA27EB00710DA7 /* quotes.json in Resources */ = {isa = PBXBuildFile; fileRef = C0FD7D9126BA27EB00710DA7 /* quotes.json */; };
/* End PBXBuildFile section */

/* Begin PBXFileReference section */
		C00CC73526BB9910005D4486 /* QuotesViewController.swift */ = {isa = PBXFileReference; lastKnownFileType = sourcecode.swift; path = QuotesViewController.swift; sourceTree = "<group>"; };
		C00CC73726BB9964005D4486 /* SettingsViewController.swift */ = {isa = PBXFileReference; lastKnownFileType = sourcecode.swift; path = SettingsViewController.swift; sourceTree = "<group>"; };
		C00CC73C26BBA114005D4486 /* QuoteModel.swift */ = {isa = PBXFileReference; lastKnownFileType = sourcecode.swift; path = QuoteModel.swift; sourceTree = "<group>"; };
		C00CC73E26BBA217005D4486 /* QuotesManager.swift */ = {isa = PBXFileReference; lastKnownFileType = sourcecode.swift; path = QuotesManager.swift; sourceTree = "<group>"; };
		C00CC74026BBA252005D4486 /* Configuration.swift */ = {isa = PBXFileReference; lastKnownFileType = sourcecode.swift; path = Configuration.swift; sourceTree = "<group>"; };
		C0BCCE0526BD6D97003F0147 /* Settings.bundle */ = {isa = PBXFileReference; lastKnownFileType = "wrapper.plug-in"; path = Settings.bundle; sourceTree = "<group>"; };
		C0FD7D7926BA271F00710DA7 /* Pensamentos.app */ = {isa = PBXFileReference; explicitFileType = wrapper.application; includeInIndex = 0; path = Pensamentos.app; sourceTree = BUILT_PRODUCTS_DIR; };
		C0FD7D7C26BA271F00710DA7 /* AppDelegate.swift */ = {isa = PBXFileReference; lastKnownFileType = sourcecode.swift; path = AppDelegate.swift; sourceTree = "<group>"; };
		C0FD7D7E26BA271F00710DA7 /* SceneDelegate.swift */ = {isa = PBXFileReference; lastKnownFileType = sourcecode.swift; path = SceneDelegate.swift; sourceTree = "<group>"; };
		C0FD7D8326BA271F00710DA7 /* Base */ = {isa = PBXFileReference; lastKnownFileType = file.storyboard; name = Base; path = Base.lproj/Main.storyboard; sourceTree = "<group>"; };
		C0FD7D8526BA272200710DA7 /* Assets.xcassets */ = {isa = PBXFileReference; lastKnownFileType = folder.assetcatalog; path = Assets.xcassets; sourceTree = "<group>"; };
		C0FD7D8826BA272200710DA7 /* Base */ = {isa = PBXFileReference; lastKnownFileType = file.storyboard; name = Base; path = Base.lproj/LaunchScreen.storyboard; sourceTree = "<group>"; };
		C0FD7D8A26BA272200710DA7 /* Info.plist */ = {isa = PBXFileReference; lastKnownFileType = text.plist.xml; path = Info.plist; sourceTree = "<group>"; };
		C0FD7D9026BA27E300710DA7 /* Savoye LET.ttc */ = {isa = PBXFileReference; lastKnownFileType = file; path = "Savoye LET.ttc"; sourceTree = "<group>"; };
		C0FD7D9126BA27EB00710DA7 /* quotes.json */ = {isa = PBXFileReference; fileEncoding = 4; lastKnownFileType = text.json; path = quotes.json; sourceTree = "<group>"; };
/* End PBXFileReference section */

/* Begin PBXFrameworksBuildPhase section */
		C0FD7D7626BA271F00710DA7 /* Frameworks */ = {
			isa = PBXFrameworksBuildPhase;
			buildActionMask = 2147483647;
			files = (
			);
			runOnlyForDeploymentPostprocessing = 0;
		};
/* End PBXFrameworksBuildPhase section */

/* Begin PBXGroup section */
		C00CC73926BB999E005D4486 /* Controllers */ = {
			isa = PBXGroup;
			children = (
				C00CC73726BB9964005D4486 /* SettingsViewController.swift */,
				C00CC73526BB9910005D4486 /* QuotesViewController.swift */,
			);
			path = Controllers;
			sourceTree = "<group>";
		};
		C00CC73A26BB99E2005D4486 /* Views */ = {
			isa = PBXGroup;
			children = (
				C0FD7D8226BA271F00710DA7 /* Main.storyboard */,
				C0FD7D8726BA272200710DA7 /* LaunchScreen.storyboard */,
			);
			path = Views;
			sourceTree = "<group>";
		};
		C00CC73B26BBA0EA005D4486 /* Model */ = {
			isa = PBXGroup;
			children = (
				C00CC73C26BBA114005D4486 /* QuoteModel.swift */,
				C00CC73E26BBA217005D4486 /* QuotesManager.swift */,
				C00CC74026BBA252005D4486 /* Configuration.swift */,
			);
			path = Model;
			sourceTree = "<group>";
		};
		C0FD7D7026BA271F00710DA7 = {
			isa = PBXGroup;
			children = (
				C0FD7D7B26BA271F00710DA7 /* Pensamentos */,
				C0FD7D7A26BA271F00710DA7 /* Products */,
			);
			sourceTree = "<group>";
		};
		C0FD7D7A26BA271F00710DA7 /* Products */ = {
			isa = PBXGroup;
			children = (
				C0FD7D7926BA271F00710DA7 /* Pensamentos.app */,
			);
			name = Products;
			sourceTree = "<group>";
		};
		C0FD7D7B26BA271F00710DA7 /* Pensamentos */ = {
			isa = PBXGroup;
			children = (
				C0FD7D7C26BA271F00710DA7 /* AppDelegate.swift */,
				C0FD7D7E26BA271F00710DA7 /* SceneDelegate.swift */,
				C0FD7D9326BA27FC00710DA7 /* Files */,
				C00CC73B26BBA0EA005D4486 /* Model */,
				C00CC73A26BB99E2005D4486 /* Views */,
				C00CC73926BB999E005D4486 /* Controllers */,
				C0FD7D8526BA272200710DA7 /* Assets.xcassets */,
				C0BCCE0526BD6D97003F0147 /* Settings.bundle */,
				C0FD7D8A26BA272200710DA7 /* Info.plist */,
			);
			path = Pensamentos;
			sourceTree = "<group>";
		};
		C0FD7D9326BA27FC00710DA7 /* Files */ = {
			isa = PBXGroup;
			children = (
				C0FD7D9126BA27EB00710DA7 /* quotes.json */,
				C0FD7D9026BA27E300710DA7 /* Savoye LET.ttc */,
			);
			path = Files;
			sourceTree = "<group>";
		};
/* End PBXGroup section */

/* Begin PBXNativeTarget section */
		C0FD7D7826BA271F00710DA7 /* Pensamentos */ = {
			isa = PBXNativeTarget;
			buildConfigurationList = C0FD7D8D26BA272200710DA7 /* Build configuration list for PBXNativeTarget "Pensamentos" */;
			buildPhases = (
				C0FD7D7526BA271F00710DA7 /* Sources */,
				C0FD7D7626BA271F00710DA7 /* Frameworks */,
				C0FD7D7726BA271F00710DA7 /* Resources */,
			);
			buildRules = (
			);
			dependencies = (
			);
			name = Pensamentos;
			productName = Pensamentos;
			productReference = C0FD7D7926BA271F00710DA7 /* Pensamentos.app */;
			productType = "com.apple.product-type.application";
		};
/* End PBXNativeTarget section */

/* Begin PBXProject section */
		C0FD7D7126BA271F00710DA7 /* Project object */ = {
			isa = PBXProject;
			attributes = {
				LastSwiftUpdateCheck = 1250;
				LastUpgradeCheck = 1250;
				TargetAttributes = {
					C0FD7D7826BA271F00710DA7 = {
						CreatedOnToolsVersion = 12.5.1;
					};
				};
			};
			buildConfigurationList = C0FD7D7426BA271F00710DA7 /* Build configuration list for PBXProject "Pensamentos" */;
			compatibilityVersion = "Xcode 9.3";
			developmentRegion = en;
			hasScannedForEncodings = 0;
			knownRegions = (
				en,
				Base,
			);
			mainGroup = C0FD7D7026BA271F00710DA7;
			productRefGroup = C0FD7D7A26BA271F00710DA7 /* Products */;
			projectDirPath = "";
			projectRoot = "";
			targets = (
				C0FD7D7826BA271F00710DA7 /* Pensamentos */,
			);
		};
/* End PBXProject section */

/* Begin PBXResourcesBuildPhase section */
		C0FD7D7726BA271F00710DA7 /* Resources */ = {
			isa = PBXResourcesBuildPhase;
			buildActionMask = 2147483647;
			files = (
				C0FD7D9226BA27EB00710DA7 /* quotes.json in Resources */,
				C0FD7D8926BA272200710DA7 /* LaunchScreen.storyboard in Resources */,
				C0FD7D8626BA272200710DA7 /* Assets.xcassets in Resources */,
				C07E869726BC35D200A7115D /* Savoye LET.ttc in Resources */,
				C0BCCE0626BD6D97003F0147 /* Settings.bundle in Resources */,
				C0FD7D8426BA271F00710DA7 /* Main.storyboard in Resources */,
			);
			runOnlyForDeploymentPostprocessing = 0;
		};
/* End PBXResourcesBuildPhase section */

/* Begin PBXSourcesBuildPhase section */
		C0FD7D7526BA271F00710DA7 /* Sources */ = {
			isa = PBXSourcesBuildPhase;
			buildActionMask = 2147483647;
			files = (
				C00CC73D26BBA114005D4486 /* QuoteModel.swift in Sources */,
				C00CC73626BB9910005D4486 /* QuotesViewController.swift in Sources */,
				C00CC74126BBA252005D4486 /* Configuration.swift in Sources */,
				C0FD7D7D26BA271F00710DA7 /* AppDelegate.swift in Sources */,
				C0FD7D7F26BA271F00710DA7 /* SceneDelegate.swift in Sources */,
				C00CC73F26BBA217005D4486 /* QuotesManager.swift in Sources */,
				C00CC73826BB9964005D4486 /* SettingsViewController.swift in Sources */,
			);
			runOnlyForDeploymentPostprocessing = 0;
		};
/* End PBXSourcesBuildPhase section */

/* Begin PBXVariantGroup section */
		C0FD7D8226BA271F00710DA7 /* Main.storyboard */ = {
			isa = PBXVariantGroup;
			children = (
				C0FD7D8326BA271F00710DA7 /* Base */,
			);
			name = Main.storyboard;
			sourceTree = "<group>";
		};
		C0FD7D8726BA272200710DA7 /* LaunchScreen.storyboard */ = {
			isa = PBXVariantGroup;
			children = (
				C0FD7D8826BA272200710DA7 /* Base */,
			);
			name = LaunchScreen.storyboard;
			sourceTree = "<group>";
		};
/* End PBXVariantGroup section */

/* Begin XCBuildConfiguration section */
		C0FD7D8B26BA272200710DA7 /* Debug */ = {
			isa = XCBuildConfiguration;
			buildSettings = {
				ALWAYS_SEARCH_USER_PATHS = NO;
				CLANG_ANALYZER_NONNULL = YES;
				CLANG_ANALYZER_NUMBER_OBJECT_CONVERSION = YES_AGGRESSIVE;
				CLANG_CXX_LANGUAGE_STANDARD = "gnu++14";
				CLANG_CXX_LIBRARY = "libc++";
				CLANG_ENABLE_MODULES = YES;
				CLANG_ENABLE_OBJC_ARC = YES;
				CLANG_ENABLE_OBJC_WEAK = YES;
				CLANG_WARN_BLOCK_CAPTURE_AUTORELEASING = YES;
				CLANG_WARN_BOOL_CONVERSION = YES;
				CLANG_WARN_COMMA = YES;
				CLANG_WARN_CONSTANT_CONVERSION = YES;
				CLANG_WARN_DEPRECATED_OBJC_IMPLEMENTATIONS = YES;
				CLANG_WARN_DIRECT_OBJC_ISA_USAGE = YES_ERROR;
				CLANG_WARN_DOCUMENTATION_COMMENTS = YES;
				CLANG_WARN_EMPTY_BODY = YES;
				CLANG_WARN_ENUM_CONVERSION = YES;
				CLANG_WARN_INFINITE_RECURSION = YES;
				CLANG_WARN_INT_CONVERSION = YES;
				CLANG_WARN_NON_LITERAL_NULL_CONVERSION = YES;
				CLANG_WARN_OBJC_IMPLICIT_RETAIN_SELF = YES;
				CLANG_WARN_OBJC_LITERAL_CONVERSION = YES;
				CLANG_WARN_OBJC_ROOT_CLASS = YES_ERROR;
				CLANG_WARN_QUOTED_INCLUDE_IN_FRAMEWORK_HEADER = YES;
				CLANG_WARN_RANGE_LOOP_ANALYSIS = YES;
				CLANG_WARN_STRICT_PROTOTYPES = YES;
				CLANG_WARN_SUSPICIOUS_MOVE = YES;
				CLANG_WARN_UNGUARDED_AVAILABILITY = YES_AGGRESSIVE;
				CLANG_WARN_UNREACHABLE_CODE = YES;
				CLANG_WARN__DUPLICATE_METHOD_MATCH = YES;
				COPY_PHASE_STRIP = NO;
				DEBUG_INFORMATION_FORMAT = dwarf;
				ENABLE_STRICT_OBJC_MSGSEND = YES;
				ENABLE_TESTABILITY = YES;
				GCC_C_LANGUAGE_STANDARD = gnu11;
				GCC_DYNAMIC_NO_PIC = NO;
				GCC_NO_COMMON_BLOCKS = YES;
				GCC_OPTIMIZATION_LEVEL = 0;
				GCC_PREPROCESSOR_DEFINITIONS = (
					"DEBUG=1",
					"$(inherited)",
				);
				GCC_WARN_64_TO_32_BIT_CONVERSION = YES;
				GCC_WARN_ABOUT_RETURN_TYPE = YES_ERROR;
				GCC_WARN_UNDECLARED_SELECTOR = YES;
				GCC_WARN_UNINITIALIZED_AUTOS = YES_AGGRESSIVE;
				GCC_WARN_UNUSED_FUNCTION = YES;
				GCC_WARN_UNUSED_VARIABLE = YES;
				IPHONEOS_DEPLOYMENT_TARGET = 14.5;
				MTL_ENABLE_DEBUG_INFO = INCLUDE_SOURCE;
				MTL_FAST_MATH = YES;
				ONLY_ACTIVE_ARCH = YES;
				SDKROOT = iphoneos;
				SWIFT_ACTIVE_COMPILATION_CONDITIONS = DEBUG;
				SWIFT_OPTIMIZATION_LEVEL = "-Onone";
			};
			name = Debug;
		};
		C0FD7D8C26BA272200710DA7 /* Release */ = {
			isa = XCBuildConfiguration;
			buildSettings = {
				ALWAYS_SEARCH_USER_PATHS = NO;
				CLANG_ANALYZER_NONNULL = YES;
				CLANG_ANALYZER_NUMBER_OBJECT_CONVERSION = YES_AGGRESSIVE;
				CLANG_CXX_LANGUAGE_STANDARD = "gnu++14";
				CLANG_CXX_LIBRARY = "libc++";
				CLANG_ENABLE_MODULES = YES;
				CLANG_ENABLE_OBJC_ARC = YES;
				CLANG_ENABLE_OBJC_WEAK = YES;
				CLANG_WARN_BLOCK_CAPTURE_AUTORELEASING = YES;
				CLANG_WARN_BOOL_CONVERSION = YES;
				CLANG_WARN_COMMA = YES;
				CLANG_WARN_CONSTANT_CONVERSION = YES;
				CLANG_WARN_DEPRECATED_OBJC_IMPLEMENTATIONS = YES;
				CLANG_WARN_DIRECT_OBJC_ISA_USAGE = YES_ERROR;
				CLANG_WARN_DOCUMENTATION_COMMENTS = YES;
				CLANG_WARN_EMPTY_BODY = YES;
				CLANG_WARN_ENUM_CONVERSION = YES;
				CLANG_WARN_INFINITE_RECURSION = YES;
				CLANG_WARN_INT_CONVERSION = YES;
				CLANG_WARN_NON_LITERAL_NULL_CONVERSION = YES;
				CLANG_WARN_OBJC_IMPLICIT_RETAIN_SELF = YES;
				CLANG_WARN_OBJC_LITERAL_CONVERSION = YES;
				CLANG_WARN_OBJC_ROOT_CLASS = YES_ERROR;
				CLANG_WARN_QUOTED_INCLUDE_IN_FRAMEWORK_HEADER = YES;
				CLANG_WARN_RANGE_LOOP_ANALYSIS = YES;
				CLANG_WARN_STRICT_PROTOTYPES = YES;
				CLANG_WARN_SUSPICIOUS_MOVE = YES;
				CLANG_WARN_UNGUARDED_AVAILABILITY = YES_AGGRESSIVE;
				CLANG_WARN_UNREACHABLE_CODE = YES;
				CLANG_WARN__DUPLICATE_METHOD_MATCH = YES;
				COPY_PHASE_STRIP = NO;
				DEBUG_INFORMATION_FORMAT = "dwarf-with-dsym";
				ENABLE_NS_ASSERTIONS = NO;
				ENABLE_STRICT_OBJC_MSGSEND = YES;
				GCC_C_LANGUAGE_STANDARD = gnu11;
				GCC_NO_COMMON_BLOCKS = YES;
				GCC_WARN_64_TO_32_BIT_CONVERSION = YES;
				GCC_WARN_ABOUT_RETURN_TYPE = YES_ERROR;
				GCC_WARN_UNDECLARED_SELECTOR = YES;
				GCC_WARN_UNINITIALIZED_AUTOS = YES_AGGRESSIVE;
				GCC_WARN_UNUSED_FUNCTION = YES;
				GCC_WARN_UNUSED_VARIABLE = YES;
				IPHONEOS_DEPLOYMENT_TARGET = 14.5;
				MTL_ENABLE_DEBUG_INFO = NO;
				MTL_FAST_MATH = YES;
				SDKROOT = iphoneos;
				SWIFT_COMPILATION_MODE = wholemodule;
				SWIFT_OPTIMIZATION_LEVEL = "-O";
				VALIDATE_PRODUCT = YES;
			};
			name = Release;
		};
		C0FD7D8E26BA272200710DA7 /* Debug */ = {
			isa = XCBuildConfiguration;
			buildSettings = {
				ASSETCATALOG_COMPILER_APPICON_NAME = AppIcon;
				ASSETCATALOG_COMPILER_GLOBAL_ACCENT_COLOR_NAME = AccentColor;
				CODE_SIGN_STYLE = Automatic;
				DEVELOPMENT_TEAM = BM4YFXN4AH;
				INFOPLIST_FILE = Pensamentos/Info.plist;
				LD_RUNPATH_SEARCH_PATHS = (
					"$(inherited)",
					"@executable_path/Frameworks",
				);
				PRODUCT_BUNDLE_IDENTIFIER = "gabriel-nicol.Pensamentos";
				PRODUCT_NAME = "$(TARGET_NAME)";
				SWIFT_VERSION = 5.0;
				TARGETED_DEVICE_FAMILY = "1,2";
			};
			name = Debug;
		};
		C0FD7D8F26BA272200710DA7 /* Release */ = {
			isa = XCBuildConfiguration;
			buildSettings = {
				ASSETCATALOG_COMPILER_APPICON_NAME = AppIcon;
				ASSETCATALOG_COMPILER_GLOBAL_ACCENT_COLOR_NAME = AccentColor;
				CODE_SIGN_STYLE = Automatic;
				DEVELOPMENT_TEAM = BM4YFXN4AH;
				INFOPLIST_FILE = Pensamentos/Info.plist;
				LD_RUNPATH_SEARCH_PATHS = (
					"$(inherited)",
					"@executable_path/Frameworks",
				);
				PRODUCT_BUNDLE_IDENTIFIER = "gabriel-nicol.Pensamentos";
				PRODUCT_NAME = "$(TARGET_NAME)";
				SWIFT_VERSION = 5.0;
				TARGETED_DEVICE_FAMILY = "1,2";
			};
			name = Release;
		};
/* End XCBuildConfiguration section */

/* Begin XCConfigurationList section */
		C0FD7D7426BA271F00710DA7 /* Build configuration list for PBXProject "Pensamentos" */ = {
			isa = XCConfigurationList;
			buildConfigurations = (
				C0FD7D8B26BA272200710DA7 /* Debug */,
				C0FD7D8C26BA272200710DA7 /* Release */,
			);
			defaultConfigurationIsVisible = 0;
			defaultConfigurationName = Release;
		};
		C0FD7D8D26BA272200710DA7 /* Build configuration list for PBXNativeTarget "Pensamentos" */ = {
			isa = XCConfigurationList;
			buildConfigurations = (
				C0FD7D8E26BA272200710DA7 /* Debug */,
				C0FD7D8F26BA272200710DA7 /* Release */,
			);
			defaultConfigurationIsVisible = 0;
			defaultConfigurationName = Release;
		};
/* End XCConfigurationList section */
	};
	rootObject = C0FD7D7126BA271F00710DA7 /* Project object */;
}
